
Microsoft Visual Studio Solution File, Format Version 12.00
# Visual Studio 14
VisualStudioVersion = 14.0.25420.1
MinimumVisualStudioVersion = 10.0.40219.1
Project("{FAE04EC0-301F-11D3-BF4B-00C04F79EFBC}") = "cypher-data", "SimpleEncrypt\cypher-data.csproj", "{046C71E9-C3E5-4A5C-B5BC-0A5800529422}"
EndProject
Global
	GlobalSection(SolutionConfigurationPlatforms) = preSolution
		Debug|Any CPU = Debug|Any CPU
		Release|Any CPU = Release|Any CPU
	EndGlobalSection
	GlobalSection(ProjectConfigurationPlatforms) = postSolution
		{046C71E9-C3E5-4A5C-B5BC-0A5800529422}.Debug|Any CPU.ActiveCfg = Debug|Any CPU
		{046C71E9-C3E5-4A5C-B5BC-0A5800529422}.Debug|Any CPU.Build.0 = Debug|Any CPU
		{046C71E9-C3E5-4A5C-B5BC-0A5800529422}.Release|Any CPU.ActiveCfg = Release|Any CPU
		{046C71E9-C3E5-4A5C-B5BC-0A5800529422}.Release|Any CPU.Build.0 = Release|Any CPU
	EndGlobalSection
	GlobalSection(SolutionProperties) = preSolution
		HideSolutionNode = FALSE
	EndGlobalSection
	GlobalSection(ExtensibilityGlobals) = postSolution
		SolutionGuid = {93EF0308-D905-44A4-A430-6D1112FD8643}
	EndGlobalSection
EndGlobal
